
Microsoft Visual Studio Solution File, Format Version 12.00
Project("{FAE04EC0-301F-11D3-BF4B-00C04F79EFBC}") = "Dead by Daylight Perk Randomizer", "Dead by Daylight Perk Randomizer\Dead by Daylight Perk Randomizer.csproj", "{8C05E269-70E8-4000-8393-AB9FD06BA5EB}"
EndProject
Global
	GlobalSection(SolutionConfigurationPlatforms) = preSolution
		Debug|Any CPU = Debug|Any CPU
		Release|Any CPU = Release|Any CPU
	EndGlobalSection
	GlobalSection(ProjectConfigurationPlatforms) = postSolution
		{8C05E269-70E8-4000-8393-AB9FD06BA5EB}.Debug|Any CPU.ActiveCfg = Debug|Any CPU
		{8C05E269-70E8-4000-8393-AB9FD06BA5EB}.Debug|Any CPU.Build.0 = Debug|Any CPU
		{8C05E269-70E8-4000-8393-AB9FD06BA5EB}.Release|Any CPU.ActiveCfg = Release|Any CPU
		{8C05E269-70E8-4000-8393-AB9FD06BA5EB}.Release|Any CPU.Build.0 = Release|Any CPU
	EndGlobalSection
EndGlobal
